
Microsoft Visual Studio Solution File, Format Version 12.00
# Visual Studio Version 17
VisualStudioVersion = 17.7.34031.279
MinimumVisualStudioVersion = 10.0.40219.1
Project("{FAE04EC0-301F-11D3-BF4B-00C04F79EFBC}") = "Practica5visual", "Practica5visual\Practica5visual.csproj", "{A3620FC8-832A-4FD7-9AD2-D1F32F7EBFBC}"
EndProject
Global
	GlobalSection(SolutionConfigurationPlatforms) = preSolution
		Debug|Any CPU = Debug|Any CPU
		Release|Any CPU = Release|Any CPU
	EndGlobalSection
	GlobalSection(ProjectConfigurationPlatforms) = postSolution
		{A3620FC8-832A-4FD7-9AD2-D1F32F7EBFBC}.Debug|Any CPU.ActiveCfg = Debug|Any CPU
		{A3620FC8-832A-4FD7-9AD2-D1F32F7EBFBC}.Debug|Any CPU.Build.0 = Debug|Any CPU
		{A3620FC8-832A-4FD7-9AD2-D1F32F7EBFBC}.Release|Any CPU.ActiveCfg = Release|Any CPU
		{A3620FC8-832A-4FD7-9AD2-D1F32F7EBFBC}.Release|Any CPU.Build.0 = Release|Any CPU
	EndGlobalSection
	GlobalSection(SolutionProperties) = preSolution
		HideSolutionNode = FALSE
	EndGlobalSection
	GlobalSection(ExtensibilityGlobals) = postSolution
		SolutionGuid = {EABA996D-16AE-4A8D-A9FE-4BC4DED9B4F0}
	EndGlobalSection
EndGlobal
